{
  "version": "1.0.0",
  "lockfileVersion": 1,
  "packages": {
    "@agent-relay/choosing-swarm-patterns#claude": {
      "version": "1.0.0",
      "resolved": "https://registry.prpm.dev/api/v1/packages/%40agent-relay%2Fchoosing-swarm-patterns/1.0.0.tar.gz",
      "integrity": "sha256-2b28661abb540c56b46ad980b238589c6dcf59faaa3e66c80c72f72c01407f38",
      "format": "claude",
      "subtype": "skill",
      "sourceFormat": "claude",
      "sourceSubtype": "skill",
      "installedPath": ".claude/skills/choosing-swarm-patterns/SKILL.md"
    },
    "@agent-relay/writing-agent-relay-workflows#claude": {
      "version": "1.4.0",
      "resolved": "https://registry.prpm.dev/api/v1/packages/%40agent-relay%2Fwriting-agent-relay-workflows/1.4.0.tar.gz",
      "integrity": "sha256-9bbb0861f470beedde502569c7e8d665808a82bc3ca40029d864eb7f0420419d",
      "format": "claude",
      "subtype": "skill",
      "sourceFormat": "claude",
      "sourceSubtype": "skill",
      "installedPath": ".claude/skills/writing-agent-relay-workflows/SKILL.md",
      "fromCollection": {
        "name_slug": "agent-relay-starter",
        "version": "1.0.3"
      }
    },
    "@agent-workforce/trail-snippet#claude:AGENTS.md": {
      "version": "1.1.2",
      "resolved": "https://registry.prpm.dev/api/v1/packages/%40agent-workforce%2Ftrail-snippet/1.1.2.tar.gz",
      "integrity": "sha256-36f0490e6afffb8e6793f06119d4dd2058d7b0e23d65ead2adce9a8010da0bf0",
      "format": "claude",
      "subtype": "snippet",
      "sourceFormat": "generic",
      "sourceSubtype": "snippet",
      "installedPath": "AGENTS.md",
      "fromCollection": {
        "name_slug": "agent-relay-starter",
        "version": "1.0.3"
      },
      "snippetMetadata": {
        "targetPath": "AGENTS.md",
        "config": {
          "target": "AGENTS.md",
          "position": "append"
        }
      }
    },
    "@prpm/creating-claude-rules-skill#claude": {
      "version": "1.0.0",
      "resolved": "https://registry.prpm.dev/api/v1/packages/%40prpm%2Fcreating-claude-rules-skill/1.0.0.tar.gz",
      "integrity": "sha256-5d348d29c6e9abe5b1f0328a3868094b47dddc60192fc6b8f0a364797ce62878",
      "format": "claude",
      "subtype": "skill",
      "sourceFormat": "claude",
      "sourceSubtype": "skill",
      "installedPath": ".claude/skills/creating-claude-rules-skill/SKILL.md"
    },
    "@prpm/creating-claude-rules-skill#codex": {
      "version": "1.0.0",
      "resolved": "https://registry.prpm.dev/api/v1/packages/%40prpm%2Fcreating-claude-rules-skill/1.0.0.tar.gz",
      "integrity": "sha256-5d348d29c6e9abe5b1f0328a3868094b47dddc60192fc6b8f0a364797ce62878",
      "format": "codex",
      "subtype": "skill",
      "sourceFormat": "claude",
      "sourceSubtype": "skill",
      "installedPath": ".agents/skills/creating-claude-rules-skill/SKILL.md"
    },
    "@agent-relay/choosing-swarm-patterns#codex": {
      "version": "1.0.0",
      "resolved": "https://registry.prpm.dev/api/v1/packages/%40agent-relay%2Fchoosing-swarm-patterns/1.0.0.tar.gz",
      "integrity": "sha256-2b28661abb540c56b46ad980b238589c6dcf59faaa3e66c80c72f72c01407f38",
      "format": "codex",
      "subtype": "skill",
      "sourceFormat": "claude",
      "sourceSubtype": "skill",
      "installedPath": ".agents/skills/choosing-swarm-patterns/SKILL.md",
      "fromCollection": {
        "name_slug": "agent-relay-starter",
        "version": "1.0.3"
      }
    },
    "@agent-relay/writing-agent-relay-workflows#codex": {
      "version": "1.4.0",
      "resolved": "https://registry.prpm.dev/api/v1/packages/%40agent-relay%2Fwriting-agent-relay-workflows/1.4.0.tar.gz",
      "integrity": "sha256-9bbb0861f470beedde502569c7e8d665808a82bc3ca40029d864eb7f0420419d",
      "format": "codex",
      "subtype": "skill",
      "sourceFormat": "claude",
      "sourceSubtype": "skill",
      "installedPath": ".agents/skills/writing-agent-relay-workflows/SKILL.md",
      "fromCollection": {
        "name_slug": "agent-relay-starter",
        "version": "1.0.3"
      }
    },
    "@agent-workforce/trail-snippet#codex:AGENTS.md": {
      "version": "1.1.2",
      "resolved": "https://registry.prpm.dev/api/v1/packages/%40agent-workforce%2Ftrail-snippet/1.1.2.tar.gz",
      "integrity": "sha256-36f0490e6afffb8e6793f06119d4dd2058d7b0e23d65ead2adce9a8010da0bf0",
      "format": "codex",
      "subtype": "snippet",
      "sourceFormat": "generic",
      "sourceSubtype": "snippet",
      "installedPath": "AGENTS.md",
      "fromCollection": {
        "name_slug": "agent-relay-starter",
        "version": "1.0.3"
      },
      "snippetMetadata": {
        "targetPath": "AGENTS.md",
        "config": {
          "target": "AGENTS.md",
          "position": "append"
        }
      }
    },
    "@agent-relay/relay-80-100-workflow#codex": {
      "version": "1.0.0",
      "resolved": "https://registry.prpm.dev/api/v1/packages/%40agent-relay%2Frelay-80-100-workflow/1.0.0.tar.gz",
      "integrity": "sha256-b0e70fc43fa009f6cd9d8ae965f6e318b6b4724fb34c6378233ef3a4bd09cfb9",
      "format": "codex",
      "subtype": "skill",
      "sourceFormat": "claude",
      "sourceSubtype": "skill",
      "installedPath": ".agents/skills/relay-80-100-workflow/SKILL.md",
      "fromCollection": {
        "name_slug": "agent-relay-starter",
        "version": "1.0.3"
      }
    },
    "@agent-relay/relay-80-100-workflow#claude": {
      "version": "1.0.0",
      "resolved": "https://registry.prpm.dev/api/v1/packages/%40agent-relay%2Frelay-80-100-workflow/1.0.0.tar.gz",
      "integrity": "sha256-b0e70fc43fa009f6cd9d8ae965f6e318b6b4724fb34c6378233ef3a4bd09cfb9",
      "format": "claude",
      "subtype": "skill",
      "sourceFormat": "claude",
      "sourceSubtype": "skill",
      "installedPath": ".claude/skills/relay-80-100-workflow/SKILL.md",
      "fromCollection": {
        "name_slug": "agent-relay-starter",
        "version": "1.0.3"
      }
    },
    "@agent-relay/running-headless-orchestrator#claude": {
      "version": "1.0.4",
      "resolved": "https://registry.prpm.dev/api/v1/packages/%40agent-relay%2Frunning-headless-orchestrator/1.0.4.tar.gz",
      "integrity": "sha256-9c7a5ec7aed3f974fb3607bb3c8d5b249daa2fed957d3beea8f219f06937605c",
      "format": "claude",
      "subtype": "skill",
      "sourceFormat": "claude",
      "sourceSubtype": "skill",
      "installedPath": ".claude/skills/running-headless-orchestrator/SKILL.md"
    },
    "@agent-relay/running-headless-orchestrator#codex": {
      "version": "1.0.4",
      "resolved": "https://registry.prpm.dev/api/v1/packages/%40agent-relay%2Frunning-headless-orchestrator/1.0.4.tar.gz",
      "integrity": "sha256-9c7a5ec7aed3f974fb3607bb3c8d5b249daa2fed957d3beea8f219f06937605c",
      "format": "codex",
      "subtype": "skill",
      "sourceFormat": "claude",
      "sourceSubtype": "skill",
      "installedPath": ".agents/skills/running-headless-orchestrator/SKILL.md"
    },
    "@agent-relay/running-headless-orchestrator#opencode": {
      "version": "1.0.4",
      "resolved": "https://registry.prpm.dev/api/v1/packages/%40agent-relay%2Frunning-headless-orchestrator/1.0.4.tar.gz",
      "integrity": "sha256-9c7a5ec7aed3f974fb3607bb3c8d5b249daa2fed957d3beea8f219f06937605c",
      "format": "opencode",
      "subtype": "skill",
      "sourceFormat": "claude",
      "sourceSubtype": "skill",
      "installedPath": ".opencode/skills/running-headless-orchestrator/SKILL.md"
    }
  },
  "generated": "2026-04-16T11:23:49.580Z",
  "collections": {
    "agent-relay-starter": {
      "name_slug": "agent-relay-starter",
      "version": "1.0.3",
      "installedAt": "2026-04-16T11:23:06.501Z",
      "packages": [
        "@agent-relay/choosing-swarm-patterns",
        "@agent-relay/writing-agent-relay-workflows",
        "@agent-workforce/trail-snippet",
        "@agent-relay/relay-80-100-workflow"
      ]
    }
  }
}